PODS:
  - Kiwi (2.4.0)

DEPENDENCIES:
  - Kiwi (from `https://github.com/idapgroup/Kiwi.git`)

EXTERNAL SOURCES:
  Kiwi:
    :git: https://github.com/idapgroup/Kiwi.git

CHECKOUT OPTIONS:
  Kiwi:
    :commit: 6097cc903e07bdbb0fdbe5d492c2e9dc0960fd16
    :git: https://github.com/idapgroup/Kiwi.git

SPEC CHECKSUMS:
  Kiwi: f49c9d54b28917df5928fe44968a39ed198cb8a8

COCOAPODS: 0.39.0
